
Microsoft Visual Studio Solution File, Format Version 11.00
# Visual Studio 2010
Project("{FAE04EC0-301F-11D3-BF4B-00C04F79EFBC}") = "Calculator", "Calculator\Calculator.csproj", "{D346F617-FF58-4BE6-9CF3-51CEE497B711}"
EndProject
Project("{FAE04EC0-301F-11D3-BF4B-00C04F79EFBC}") = "CalculatorTest", "CalculatorTest\CalculatorTest.csproj", "{E4233EBC-C0F5-459B-B99F-482A7D15442F}"
EndProject
Global
	GlobalSection(SolutionConfigurationPlatforms) = preSolution
		Debug|Any CPU = Debug|Any CPU
		Release|Any CPU = Release|Any CPU
		Debug|iPhoneSimulator = Debug|iPhoneSimulator
		Release|iPhoneSimulator = Release|iPhoneSimulator
		Debug|iPhone = Debug|iPhone
		Release|iPhone = Release|iPhone
		Ad-Hoc|iPhone = Ad-Hoc|iPhone
		AppStore|iPhone = AppStore|iPhone
	EndGlobalSection
	GlobalSection(ProjectConfigurationPlatforms) = postSolution
		{D346F617-FF58-4BE6-9CF3-51CEE497B711}.Ad-Hoc|iPhone.ActiveCfg = Debug|Any CPU
		{D346F617-FF58-4BE6-9CF3-51CEE497B711}.Ad-Hoc|iPhone.Build.0 = Debug|Any CPU
		{D346F617-FF58-4BE6-9CF3-51CEE497B711}.AppStore|iPhone.ActiveCfg = Debug|Any CPU
		{D346F617-FF58-4BE6-9CF3-51CEE497B711}.AppStore|iPhone.Build.0 = Debug|Any CPU
		{D346F617-FF58-4BE6-9CF3-51CEE497B711}.Debug|Any CPU.ActiveCfg = Debug|Any CPU
		{D346F617-FF58-4BE6-9CF3-51CEE497B711}.Debug|Any CPU.Build.0 = Debug|Any CPU
		{D346F617-FF58-4BE6-9CF3-51CEE497B711}.Debug|iPhone.ActiveCfg = Debug|Any CPU
		{D346F617-FF58-4BE6-9CF3-51CEE497B711}.Debug|iPhone.Build.0 = Debug|Any CPU
		{D346F617-FF58-4BE6-9CF3-51CEE497B711}.Debug|iPhoneSimulator.ActiveCfg = Debug|Any CPU
		{D346F617-FF58-4BE6-9CF3-51CEE497B711}.Debug|iPhoneSimulator.Build.0 = Debug|Any CPU
		{D346F617-FF58-4BE6-9CF3-51CEE497B711}.Release|Any CPU.ActiveCfg = Release|Any CPU
		{D346F617-FF58-4BE6-9CF3-51CEE497B711}.Release|Any CPU.Build.0 = Release|Any CPU
		{D346F617-FF58-4BE6-9CF3-51CEE497B711}.Release|iPhone.ActiveCfg = Release|Any CPU
		{D346F617-FF58-4BE6-9CF3-51CEE497B711}.Release|iPhone.Build.0 = Release|Any CPU
		{D346F617-FF58-4BE6-9CF3-51CEE497B711}.Release|iPhoneSimulator.ActiveCfg = Release|Any CPU
		{D346F617-FF58-4BE6-9CF3-51CEE497B711}.Release|iPhoneSimulator.Build.0 = Release|Any CPU
		{E4233EBC-C0F5-459B-B99F-482A7D15442F}.Ad-Hoc|iPhone.ActiveCfg = Ad-Hoc|iPhone
		{E4233EBC-C0F5-459B-B99F-482A7D15442F}.Ad-Hoc|iPhone.Build.0 = Ad-Hoc|iPhone
		{E4233EBC-C0F5-459B-B99F-482A7D15442F}.AppStore|iPhone.ActiveCfg = AppStore|iPhone
		{E4233EBC-C0F5-459B-B99F-482A7D15442F}.AppStore|iPhone.Build.0 = AppStore|iPhone
		{E4233EBC-C0F5-459B-B99F-482A7D15442F}.Debug|Any CPU.ActiveCfg = Debug|iPhoneSimulator
		{E4233EBC-C0F5-459B-B99F-482A7D15442F}.Debug|Any CPU.Build.0 = Debug|iPhoneSimulator
		{E4233EBC-C0F5-459B-B99F-482A7D15442F}.Debug|iPhone.ActiveCfg = Debug|iPhone
		{E4233EBC-C0F5-459B-B99F-482A7D15442F}.Debug|iPhone.Build.0 = Debug|iPhone
		{E4233EBC-C0F5-459B-B99F-482A7D15442F}.Debug|iPhoneSimulator.ActiveCfg = Debug|iPhoneSimulator
		{E4233EBC-C0F5-459B-B99F-482A7D15442F}.Debug|iPhoneSimulator.Build.0 = Debug|iPhoneSimulator
		{E4233EBC-C0F5-459B-B99F-482A7D15442F}.Release|Any CPU.ActiveCfg = Release|iPhoneSimulator
		{E4233EBC-C0F5-459B-B99F-482A7D15442F}.Release|Any CPU.Build.0 = Release|iPhoneSimulator
		{E4233EBC-C0F5-459B-B99F-482A7D15442F}.Release|iPhone.ActiveCfg = Release|iPhone
		{E4233EBC-C0F5-459B-B99F-482A7D15442F}.Release|iPhone.Build.0 = Release|iPhone
		{E4233EBC-C0F5-459B-B99F-482A7D15442F}.Release|iPhoneSimulator.ActiveCfg = Release|iPhoneSimulator
		{E4233EBC-C0F5-459B-B99F-482A7D15442F}.Release|iPhoneSimulator.Build.0 = Release|iPhoneSimulator
	EndGlobalSection
	GlobalSection(MonoDevelopProperties) = preSolution
		StartupItem = CalculatorTest\CalculatorTest.csproj
	EndGlobalSection
EndGlobal
