
Microsoft Visual Studio Solution File, Format Version 11.00
# Visual Studio 2010
Project("{FAE04EC0-301F-11D3-BF4B-00C04F79EFBC}") = "IBOutlets_IBActions", "IBOutlets_IBActions\IBOutlets_IBActions.csproj", "{ADF14B8A-6BB5-43CD-B446-D79081756B5A}"
EndProject
Global
	GlobalSection(SolutionConfigurationPlatforms) = preSolution
		Debug|iPhoneSimulator = Debug|iPhoneSimulator
		Release|iPhoneSimulator = Release|iPhoneSimulator
		Debug|iPhone = Debug|iPhone
		Release|iPhone = Release|iPhone
		Ad-Hoc|iPhone = Ad-Hoc|iPhone
		AppStore|iPhone = AppStore|iPhone
	EndGlobalSection
	GlobalSection(ProjectConfigurationPlatforms) = postSolution
		{ADF14B8A-6BB5-43CD-B446-D79081756B5A}.Ad-Hoc|iPhone.ActiveCfg = Ad-Hoc|iPhone
		{ADF14B8A-6BB5-43CD-B446-D79081756B5A}.Ad-Hoc|iPhone.Build.0 = Ad-Hoc|iPhone
		{ADF14B8A-6BB5-43CD-B446-D79081756B5A}.AppStore|iPhone.ActiveCfg = AppStore|iPhone
		{ADF14B8A-6BB5-43CD-B446-D79081756B5A}.AppStore|iPhone.Build.0 = AppStore|iPhone
		{ADF14B8A-6BB5-43CD-B446-D79081756B5A}.Debug|iPhone.ActiveCfg = Debug|iPhone
		{ADF14B8A-6BB5-43CD-B446-D79081756B5A}.Debug|iPhone.Build.0 = Debug|iPhone
		{ADF14B8A-6BB5-43CD-B446-D79081756B5A}.Debug|iPhoneSimulator.ActiveCfg = Debug|iPhoneSimulator
		{ADF14B8A-6BB5-43CD-B446-D79081756B5A}.Debug|iPhoneSimulator.Build.0 = Debug|iPhoneSimulator
		{ADF14B8A-6BB5-43CD-B446-D79081756B5A}.Release|iPhone.ActiveCfg = Release|iPhone
		{ADF14B8A-6BB5-43CD-B446-D79081756B5A}.Release|iPhone.Build.0 = Release|iPhone
		{ADF14B8A-6BB5-43CD-B446-D79081756B5A}.Release|iPhoneSimulator.ActiveCfg = Release|iPhoneSimulator
		{ADF14B8A-6BB5-43CD-B446-D79081756B5A}.Release|iPhoneSimulator.Build.0 = Release|iPhoneSimulator
	EndGlobalSection
	GlobalSection(MonoDevelopProperties) = preSolution
		StartupItem = IBOutlets_IBActions\IBOutlets_IBActions.csproj
	EndGlobalSection
EndGlobal
